// !$*UTF8*$!
{
	archiveVersion = 1;
	classes = {
	};
	objectVersion = 46;
	objects = {

/* Begin PBXBuildFile section */
		0C56F5CD1F0EDD630071E19A /* AppDelegate.swift in Sources */ = {isa = PBXBuildFile; fileRef = 0C56F5CC1F0EDD630071E19A /* AppDelegate.swift */; };
		0C56F5CF1F0EDD630071E19A /* ViewController.swift in Sources */ = {isa = PBXBuildFile; fileRef = 0C56F5CE1F0EDD630071E19A /* ViewController.swift */; };
		0C56F5D21F0EDD630071E19A /* Main.storyboard in Resources */ = {isa = PBXBuildFile; fileRef = 0C56F5D01F0EDD630071E19A /* Main.storyboard */; };
		0C56F5D41F0EDD630071E19A /* Assets.xcassets in Resources */ = {isa = PBXBuildFile; fileRef = 0C56F5D31F0EDD630071E19A /* Assets.xcassets */; };
		0C56F5D71F0EDD630071E19A /* LaunchScreen.storyboard in Resources */ = {isa = PBXBuildFile; fileRef = 0C56F5D51F0EDD630071E19A /* LaunchScreen.storyboard */; };
		0C56F5E21F0EDD630071E19A /* todoTests.swift in Sources */ = {isa = PBXBuildFile; fileRef = 0C56F5E11F0EDD630071E19A /* todoTests.swift */; };
		0C56F5ED1F0EDD630071E19A /* todoUITests.swift in Sources */ = {isa = PBXBuildFile; fileRef = 0C56F5EC1F0EDD630071E19A /* todoUITests.swift */; };
/* End PBXBuildFile section */

/* Begin PBXContainerItemProxy section */
		0C56F5DE1F0EDD630071E19A /* PBXContainerItemProxy */ = {
			isa = PBXContainerItemProxy;
			containerPortal = 0C56F5C11F0EDD630071E19A /* Project object */;
			proxyType = 1;
			remoteGlobalIDString = 0C56F5C81F0EDD630071E19A;
			remoteInfo = todo;
		};
		0C56F5E91F0EDD630071E19A /* PBXContainerItemProxy */ = {
			isa = PBXContainerItemProxy;
			containerPortal = 0C56F5C11F0EDD630071E19A /* Project object */;
			proxyType = 1;
			remoteGlobalIDString = 0C56F5C81F0EDD630071E19A;
			remoteInfo = todo;
		};
/* End PBXContainerItemProxy section */

/* Begin PBXFileReference section */
		0C56F5C91F0EDD630071E19A /* todo.app */ = {isa = PBXFileReference; explicitFileType = wrapper.application; includeInIndex = 0; path = todo.app; sourceTree = BUILT_PRODUCTS_DIR; };
		0C56F5CC1F0EDD630071E19A /* AppDelegate.swift */ = {isa = PBXFileReference; lastKnownFileType = sourcecode.swift; path = AppDelegate.swift; sourceTree = "<group>"; };
		0C56F5CE1F0EDD630071E19A /* ViewController.swift */ = {isa = PBXFileReference; lastKnownFileType = sourcecode.swift; path = ViewController.swift; sourceTree = "<group>"; };
		0C56F5D11F0EDD630071E19A /* Base */ = {isa = PBXFileReference; lastKnownFileType = file.storyboard; name = Base; path = Base.lproj/Main.storyboard; sourceTree = "<group>"; };
		0C56F5D31F0EDD630071E19A /* Assets.xcassets */ = {isa = PBXFileReference; lastKnownFileType = folder.assetcatalog; path = Assets.xcassets; sourceTree = "<group>"; };
		0C56F5D61F0EDD630071E19A /* Base */ = {isa = PBXFileReference; lastKnownFileType = file.storyboard; name = Base; path = Base.lproj/LaunchScreen.storyboard; sourceTree = "<group>"; };
		0C56F5D81F0EDD630071E19A /* Info.plist */ = {isa = PBXFileReference; lastKnownFileType = text.plist.xml; path = Info.plist; sourceTree = "<group>"; };
		0C56F5DD1F0EDD630071E19A /* todoTests.xctest */ = {isa = PBXFileReference; explicitFileType = wrapper.cfbundle; includeInIndex = 0; path = todoTests.xctest; sourceTree = BUILT_PRODUCTS_DIR; };
		0C56F5E11F0EDD630071E19A /* todoTests.swift */ = {isa = PBXFileReference; lastKnownFileType = sourcecode.swift; path = todoTests.swift; sourceTree = "<group>"; };
		0C56F5E31F0EDD630071E19A /* Info.plist */ = {isa = PBXFileReference; lastKnownFileType = text.plist.xml; path = Info.plist; sourceTree = "<group>"; };
		0C56F5E81F0EDD630071E19A /* todoUITests.xctest */ = {isa = PBXFileReference; explicitFileType = wrapper.cfbundle; includeInIndex = 0; path = todoUITests.xctest; sourceTree = BUILT_PRODUCTS_DIR; };
		0C56F5EC1F0EDD630071E19A /* todoUITests.swift */ = {isa = PBXFileReference; lastKnownFileType = sourcecode.swift; path = todoUITests.swift; sourceTree = "<group>"; };
		0C56F5EE1F0EDD630071E19A /* Info.plist */ = {isa = PBXFileReference; lastKnownFileType = text.plist.xml; path = Info.plist; sourceTree = "<group>"; };
/* End PBXFileReference section */

/* Begin PBXFrameworksBuildPhase section */
		0C56F5C61F0EDD630071E19A /* Frameworks */ = {
			isa = PBXFrameworksBuildPhase;
			buildActionMask = 2147483647;
			files = (
			);
			runOnlyForDeploymentPostprocessing = 0;
		};
		0C56F5DA1F0EDD630071E19A /* Frameworks */ = {
			isa = PBXFrameworksBuildPhase;
			buildActionMask = 2147483647;
			files = (
			);
			runOnlyForDeploymentPostprocessing = 0;
		};
		0C56F5E51F0EDD630071E19A /* Frameworks */ = {
			isa = PBXFrameworksBuildPhase;
			buildActionMask = 2147483647;
			files = (
			);
			runOnlyForDeploymentPostprocessing = 0;
		};
/* End PBXFrameworksBuildPhase section */

/* Begin PBXGroup section */
		0C56F5C01F0EDD630071E19A = {
			isa = PBXGroup;
			children = (
				0C56F5CB1F0EDD630071E19A /* todo */,
				0C56F5E01F0EDD630071E19A /* todoTests */,
				0C56F5EB1F0EDD630071E19A /* todoUITests */,
				0C56F5CA1F0EDD630071E19A /* Products */,
			);
			sourceTree = "<group>";
		};
		0C56F5CA1F0EDD630071E19A /* Products */ = {
			isa = PBXGroup;
			children = (
				0C56F5C91F0EDD630071E19A /* todo.app */,
				0C56F5DD1F0EDD630071E19A /* todoTests.xctest */,
				0C56F5E81F0EDD630071E19A /* todoUITests.xctest */,
			);
			name = Products;
			sourceTree = "<group>";
		};
		0C56F5CB1F0EDD630071E19A /* todo */ = {
			isa = PBXGroup;
			children = (
				0C56F5CC1F0EDD630071E19A /* AppDelegate.swift */,
				0C56F5CE1F0EDD630071E19A /* ViewController.swift */,
				0C56F5D01F0EDD630071E19A /* Main.storyboard */,
				0C56F5D31F0EDD630071E19A /* Assets.xcassets */,
				0C56F5D51F0EDD630071E19A /* LaunchScreen.storyboard */,
				0C56F5D81F0EDD630071E19A /* Info.plist */,
			);
			path = todo;
			sourceTree = "<group>";
		};
		0C56F5E01F0EDD630071E19A /* todoTests */ = {
			isa = PBXGroup;
			children = (
				0C56F5E11F0EDD630071E19A /* todoTests.swift */,
				0C56F5E31F0EDD630071E19A /* Info.plist */,
			);
			path = todoTests;
			sourceTree = "<group>";
		};
		0C56F5EB1F0EDD630071E19A /* todoUITests */ = {
			isa = PBXGroup;
			children = (
				0C56F5EC1F0EDD630071E19A /* todoUITests.swift */,
				0C56F5EE1F0EDD630071E19A /* Info.plist */,
			);
			path = todoUITests;
			sourceTree = "<group>";
		};
/* End PBXGroup section */

/* Begin PBXNativeTarget section */
		0C56F5C81F0EDD630071E19A /* todo */ = {
			isa = PBXNativeTarget;
			buildConfigurationList = 0C56F5F11F0EDD630071E19A /* Build configuration list for PBXNativeTarget "todo" */;
			buildPhases = (
				0C56F5C51F0EDD630071E19A /* Sources */,
				0C56F5C61F0EDD630071E19A /* Frameworks */,
				0C56F5C71F0EDD630071E19A /* Resources */,
			);
			buildRules = (
			);
			dependencies = (
			);
			name = todo;
			productName = todo;
			productReference = 0C56F5C91F0EDD630071E19A /* todo.app */;
			productType = "com.apple.product-type.application";
		};
		0C56F5DC1F0EDD630071E19A /* todoTests */ = {
			isa = PBXNativeTarget;
			buildConfigurationList = 0C56F5F41F0EDD630071E19A /* Build configuration list for PBXNativeTarget "todoTests" */;
			buildPhases = (
				0C56F5D91F0EDD630071E19A /* Sources */,
				0C56F5DA1F0EDD630071E19A /* Frameworks */,
				0C56F5DB1F0EDD630071E19A /* Resources */,
			);
			buildRules = (
			);
			dependencies = (
				0C56F5DF1F0EDD630071E19A /* PBXTargetDependency */,
			);
			name = todoTests;
			productName = todoTests;
			productReference = 0C56F5DD1F0EDD630071E19A /* todoTests.xctest */;
			productType = "com.apple.product-type.bundle.unit-test";
		};
		0C56F5E71F0EDD630071E19A /* todoUITests */ = {
			isa = PBXNativeTarget;
			buildConfigurationList = 0C56F5F71F0EDD630071E19A /* Build configuration list for PBXNativeTarget "todoUITests" */;
			buildPhases = (
				0C56F5E41F0EDD630071E19A /* Sources */,
				0C56F5E51F0EDD630071E19A /* Frameworks */,
				0C56F5E61F0EDD630071E19A /* Resources */,
			);
			buildRules = (
			);
			dependencies = (
				0C56F5EA1F0EDD630071E19A /* PBXTargetDependency */,
			);
			name = todoUITests;
			productName = todoUITests;
			productReference = 0C56F5E81F0EDD630071E19A /* todoUITests.xctest */;
			productType = "com.apple.product-type.bundle.ui-testing";
		};
/* End PBXNativeTarget section */

/* Begin PBXProject section */
		0C56F5C11F0EDD630071E19A /* Project object */ = {
			isa = PBXProject;
			attributes = {
				LastSwiftUpdateCheck = 0830;
				LastUpgradeCheck = 0830;
				ORGANIZATIONNAME = Placoderm;
				TargetAttributes = {
					0C56F5C81F0EDD630071E19A = {
						CreatedOnToolsVersion = 8.3.3;
						DevelopmentTeam = BQB47EHN8G;
						ProvisioningStyle = Automatic;
					};
					0C56F5DC1F0EDD630071E19A = {
						CreatedOnToolsVersion = 8.3.3;
						ProvisioningStyle = Automatic;
						TestTargetID = 0C56F5C81F0EDD630071E19A;
					};
					0C56F5E71F0EDD630071E19A = {
						CreatedOnToolsVersion = 8.3.3;
						ProvisioningStyle = Automatic;
						TestTargetID = 0C56F5C81F0EDD630071E19A;
					};
				};
			};
			buildConfigurationList = 0C56F5C41F0EDD630071E19A /* Build configuration list for PBXProject "todo" */;
			compatibilityVersion = "Xcode 3.2";
			developmentRegion = English;
			hasScannedForEncodings = 0;
			knownRegions = (
				en,
				Base,
			);
			mainGroup = 0C56F5C01F0EDD630071E19A;
			productRefGroup = 0C56F5CA1F0EDD630071E19A /* Products */;
			projectDirPath = "";
			projectRoot = "";
			targets = (
				0C56F5C81F0EDD630071E19A /* todo */,
				0C56F5DC1F0EDD630071E19A /* todoTests */,
				0C56F5E71F0EDD630071E19A /* todoUITests */,
			);
		};
/* End PBXProject section */

/* Begin PBXResourcesBuildPhase section */
		0C56F5C71F0EDD630071E19A /* Resources */ = {
			isa = PBXResourcesBuildPhase;
			buildActionMask = 2147483647;
			files = (
				0C56F5D71F0EDD630071E19A /* LaunchScreen.storyboard in Resources */,
				0C56F5D41F0EDD630071E19A /* Assets.xcassets in Resources */,
				0C56F5D21F0EDD630071E19A /* Main.storyboard in Resources */,
			);
			runOnlyForDeploymentPostprocessing = 0;
		};
		0C56F5DB1F0EDD630071E19A /* Resources */ = {
			isa = PBXResourcesBuildPhase;
			buildActionMask = 2147483647;
			files = (
			);
			runOnlyForDeploymentPostprocessing = 0;
		};
		0C56F5E61F0EDD630071E19A /* Resources */ = {
			isa = PBXResourcesBuildPhase;
			buildActionMask = 2147483647;
			files = (
			);
			runOnlyForDeploymentPostprocessing = 0;
		};
/* End PBXResourcesBuildPhase section */

/* Begin PBXSourcesBuildPhase section */
		0C56F5C51F0EDD630071E19A /* Sources */ = {
			isa = PBXSourcesBuildPhase;
			buildActionMask = 2147483647;
			files = (
				0C56F5CF1F0EDD630071E19A /* ViewController.swift in Sources */,
				0C56F5CD1F0EDD630071E19A /* AppDelegate.swift in Sources */,
			);
			runOnlyForDeploymentPostprocessing = 0;
		};
		0C56F5D91F0EDD630071E19A /* Sources */ = {
			isa = PBXSourcesBuildPhase;
			buildActionMask = 2147483647;
			files = (
				0C56F5E21F0EDD630071E19A /* todoTests.swift in Sources */,
			);
			runOnlyForDeploymentPostprocessing = 0;
		};
		0C56F5E41F0EDD630071E19A /* Sources */ = {
			isa = PBXSourcesBuildPhase;
			buildActionMask = 2147483647;
			files = (
				0C56F5ED1F0EDD630071E19A /* todoUITests.swift in Sources */,
			);
			runOnlyForDeploymentPostprocessing = 0;
		};
/* End PBXSourcesBuildPhase section */

/* Begin PBXTargetDependency section */
		0C56F5DF1F0EDD630071E19A /* PBXTargetDependency */ = {
			isa = PBXTargetDependency;
			target = 0C56F5C81F0EDD630071E19A /* todo */;
			targetProxy = 0C56F5DE1F0EDD630071E19A /* PBXContainerItemProxy */;
		};
		0C56F5EA1F0EDD630071E19A /* PBXTargetDependency */ = {
			isa = PBXTargetDependency;
			target = 0C56F5C81F0EDD630071E19A /* todo */;
			targetProxy = 0C56F5E91F0EDD630071E19A /* PBXContainerItemProxy */;
		};
/* End PBXTargetDependency section */

/* Begin PBXVariantGroup section */
		0C56F5D01F0EDD630071E19A /* Main.storyboard */ = {
			isa = PBXVariantGroup;
			children = (
				0C56F5D11F0EDD630071E19A /* Base */,
			);
			name = Main.storyboard;
			sourceTree = "<group>";
		};
		0C56F5D51F0EDD630071E19A /* LaunchScreen.storyboard */ = {
			isa = PBXVariantGroup;
			children = (
				0C56F5D61F0EDD630071E19A /* Base */,
			);
			name = LaunchScreen.storyboard;
			sourceTree = "<group>";
		};
/* End PBXVariantGroup section */

/* Begin XCBuildConfiguration section */
		0C56F5EF1F0EDD630071E19A /* Debug */ = {
			isa = XCBuildConfiguration;
			buildSettings = {
				ALWAYS_SEARCH_USER_PATHS = NO;
				CLANG_ANALYZER_NONNULL = YES;
				CLANG_ANALYZER_NUMBER_OBJECT_CONVERSION = YES_AGGRESSIVE;
				CLANG_CXX_LANGUAGE_STANDARD = "gnu++0x";
				CLANG_CXX_LIBRARY = "libc++";
				CLANG_ENABLE_MODULES = YES;
				CLANG_ENABLE_OBJC_ARC = YES;
				CLANG_WARN_BOOL_CONVERSION = YES;
				CLANG_WARN_CONSTANT_CONVERSION = YES;
				CLANG_WARN_DIRECT_OBJC_ISA_USAGE = YES_ERROR;
				CLANG_WARN_DOCUMENTATION_COMMENTS = YES;
				CLANG_WARN_EMPTY_BODY = YES;
				CLANG_WARN_ENUM_CONVERSION = YES;
				CLANG_WARN_INFINITE_RECURSION = YES;
				CLANG_WARN_INT_CONVERSION = YES;
				CLANG_WARN_OBJC_ROOT_CLASS = YES_ERROR;
				CLANG_WARN_SUSPICIOUS_MOVE = YES;
				CLANG_WARN_UNREACHABLE_CODE = YES;
				CLANG_WARN__DUPLICATE_METHOD_MATCH = YES;
				"CODE_SIGN_IDENTITY[sdk=iphoneos*]" = "iPhone Developer";
				COPY_PHASE_STRIP = NO;
				DEBUG_INFORMATION_FORMAT = dwarf;
				ENABLE_STRICT_OBJC_MSGSEND = YES;
				ENABLE_TESTABILITY = YES;
				GCC_C_LANGUAGE_STANDARD = gnu99;
				GCC_DYNAMIC_NO_PIC = NO;
				GCC_NO_COMMON_BLOCKS = YES;
				GCC_OPTIMIZATION_LEVEL = 0;
				GCC_PREPROCESSOR_DEFINITIONS = (
					"DEBUG=1",
					"$(inherited)",
				);
				GCC_WARN_64_TO_32_BIT_CONVERSION = YES;
				GCC_WARN_ABOUT_RETURN_TYPE = YES_ERROR;
				GCC_WARN_UNDECLARED_SELECTOR = YES;
				GCC_WARN_UNINITIALIZED_AUTOS = YES_AGGRESSIVE;
				GCC_WARN_UNUSED_FUNCTION = YES;
				GCC_WARN_UNUSED_VARIABLE = YES;
				IPHONEOS_DEPLOYMENT_TARGET = 10.3;
				MTL_ENABLE_DEBUG_INFO = YES;
				ONLY_ACTIVE_ARCH = YES;
				SDKROOT = iphoneos;
				SWIFT_ACTIVE_COMPILATION_CONDITIONS = DEBUG;
				SWIFT_OPTIMIZATION_LEVEL = "-Onone";
				TARGETED_DEVICE_FAMILY = "1,2";
			};
			name = Debug;
		};
		0C56F5F01F0EDD630071E19A /* Release */ = {
			isa = XCBuildConfiguration;
			buildSettings = {
				ALWAYS_SEARCH_USER_PATHS = NO;
				CLANG_ANALYZER_NONNULL = YES;
				CLANG_ANALYZER_NUMBER_OBJECT_CONVERSION = YES_AGGRESSIVE;
				CLANG_CXX_LANGUAGE_STANDARD = "gnu++0x";
				CLANG_CXX_LIBRARY = "libc++";
				CLANG_ENABLE_MODULES = YES;
				CLANG_ENABLE_OBJC_ARC = YES;
				CLANG_WARN_BOOL_CONVERSION = YES;
				CLANG_WARN_CONSTANT_CONVERSION = YES;
				CLANG_WARN_DIRECT_OBJC_ISA_USAGE = YES_ERROR;
				CLANG_WARN_DOCUMENTATION_COMMENTS = YES;
				CLANG_WARN_EMPTY_BODY = YES;
				CLANG_WARN_ENUM_CONVERSION = YES;
				CLANG_WARN_INFINITE_RECURSION = YES;
				CLANG_WARN_INT_CONVERSION = YES;
				CLANG_WARN_OBJC_ROOT_CLASS = YES_ERROR;
				CLANG_WARN_SUSPICIOUS_MOVE = YES;
				CLANG_WARN_UNREACHABLE_CODE = YES;
				CLANG_WARN__DUPLICATE_METHOD_MATCH = YES;
				"CODE_SIGN_IDENTITY[sdk=iphoneos*]" = "iPhone Developer";
				COPY_PHASE_STRIP = NO;
				DEBUG_INFORMATION_FORMAT = "dwarf-with-dsym";
				ENABLE_NS_ASSERTIONS = NO;
				ENABLE_STRICT_OBJC_MSGSEND = YES;
				GCC_C_LANGUAGE_STANDARD = gnu99;
				GCC_NO_COMMON_BLOCKS = YES;
				GCC_WARN_64_TO_32_BIT_CONVERSION = YES;
				GCC_WARN_ABOUT_RETURN_TYPE = YES_ERROR;
				GCC_WARN_UNDECLARED_SELECTOR = YES;
				GCC_WARN_UNINITIALIZED_AUTOS = YES_AGGRESSIVE;
				GCC_WARN_UNUSED_FUNCTION = YES;
				GCC_WARN_UNUSED_VARIABLE = YES;
				IPHONEOS_DEPLOYMENT_TARGET = 10.3;
				MTL_ENABLE_DEBUG_INFO = NO;
				SDKROOT = iphoneos;
				SWIFT_OPTIMIZATION_LEVEL = "-Owholemodule";
				TARGETED_DEVICE_FAMILY = "1,2";
				VALIDATE_PRODUCT = YES;
			};
			name = Release;
		};
		0C56F5F21F0EDD630071E19A /* Debug */ = {
			isa = XCBuildConfiguration;
			buildSettings = {
				ASSETCATALOG_COMPILER_APPICON_NAME = AppIcon;
				DEVELOPMENT_TEAM = BQB47EHN8G;
				INFOPLIST_FILE = todo/Info.plist;
				IPHONEOS_DEPLOYMENT_TARGET = 10.2;
				LD_RUNPATH_SEARCH_PATHS = "$(inherited) @executable_path/Frameworks";
				PRODUCT_BUNDLE_IDENTIFIER = "-.todo";
				PRODUCT_NAME = "$(TARGET_NAME)";
				SWIFT_VERSION = 3.0;
			};
			name = Debug;
		};
		0C56F5F31F0EDD630071E19A /* Release */ = {
			isa = XCBuildConfiguration;
			buildSettings = {
				ASSETCATALOG_COMPILER_APPICON_NAME = AppIcon;
				DEVELOPMENT_TEAM = BQB47EHN8G;
				INFOPLIST_FILE = todo/Info.plist;
				IPHONEOS_DEPLOYMENT_TARGET = 10.2;
				LD_RUNPATH_SEARCH_PATHS = "$(inherited) @executable_path/Frameworks";
				PRODUCT_BUNDLE_IDENTIFIER = "-.todo";
				PRODUCT_NAME = "$(TARGET_NAME)";
				SWIFT_VERSION = 3.0;
			};
			name = Release;
		};
		0C56F5F51F0EDD630071E19A /* Debug */ = {
			isa = XCBuildConfiguration;
			buildSettings = {
				ALWAYS_EMBED_SWIFT_STANDARD_LIBRARIES = YES;
				BUNDLE_LOADER = "$(TEST_HOST)";
				INFOPLIST_FILE = todoTests/Info.plist;
				LD_RUNPATH_SEARCH_PATHS = "$(inherited) @executable_path/Frameworks @loader_path/Frameworks";
				PRODUCT_BUNDLE_IDENTIFIER = "-.todoTests";
				PRODUCT_NAME = "$(TARGET_NAME)";
				SWIFT_VERSION = 3.0;
				TEST_HOST = "$(BUILT_PRODUCTS_DIR)/todo.app/todo";
			};
			name = Debug;
		};
		0C56F5F61F0EDD630071E19A /* Release */ = {
			isa = XCBuildConfiguration;
			buildSettings = {
				ALWAYS_EMBED_SWIFT_STANDARD_LIBRARIES = YES;
				BUNDLE_LOADER = "$(TEST_HOST)";
				INFOPLIST_FILE = todoTests/Info.plist;
				LD_RUNPATH_SEARCH_PATHS = "$(inherited) @executable_path/Frameworks @loader_path/Frameworks";
				PRODUCT_BUNDLE_IDENTIFIER = "-.todoTests";
				PRODUCT_NAME = "$(TARGET_NAME)";
				SWIFT_VERSION = 3.0;
				TEST_HOST = "$(BUILT_PRODUCTS_DIR)/todo.app/todo";
			};
			name = Release;
		};
		0C56F5F81F0EDD630071E19A /* Debug */ = {
			isa = XCBuildConfiguration;
			buildSettings = {
				ALWAYS_EMBED_SWIFT_STANDARD_LIBRARIES = YES;
				INFOPLIST_FILE = todoUITests/Info.plist;
				LD_RUNPATH_SEARCH_PATHS = "$(inherited) @executable_path/Frameworks @loader_path/Frameworks";
				PRODUCT_BUNDLE_IDENTIFIER = "-.todoUITests";
				PRODUCT_NAME = "$(TARGET_NAME)";
				SWIFT_VERSION = 3.0;
				TEST_TARGET_NAME = todo;
			};
			name = Debug;
		};
		0C56F5F91F0EDD630071E19A /* Release */ = {
			isa = XCBuildConfiguration;
			buildSettings = {
				ALWAYS_EMBED_SWIFT_STANDARD_LIBRARIES = YES;
				INFOPLIST_FILE = todoUITests/Info.plist;
				LD_RUNPATH_SEARCH_PATHS = "$(inherited) @executable_path/Frameworks @loader_path/Frameworks";
				PRODUCT_BUNDLE_IDENTIFIER = "-.todoUITests";
				PRODUCT_NAME = "$(TARGET_NAME)";
				SWIFT_VERSION = 3.0;
				TEST_TARGET_NAME = todo;
			};
			name = Release;
		};
/* End XCBuildConfiguration section */

/* Begin XCConfigurationList section */
		0C56F5C41F0EDD630071E19A /* Build configuration list for PBXProject "todo" */ = {
			isa = XCConfigurationList;
			buildConfigurations = (
				0C56F5EF1F0EDD630071E19A /* Debug */,
				0C56F5F01F0EDD630071E19A /* Release */,
			);
			defaultConfigurationIsVisible = 0;
			defaultConfigurationName = Release;
		};
		0C56F5F11F0EDD630071E19A /* Build configuration list for PBXNativeTarget "todo" */ = {
			isa = XCConfigurationList;
			buildConfigurations = (
				0C56F5F21F0EDD630071E19A /* Debug */,
				0C56F5F31F0EDD630071E19A /* Release */,
			);
			defaultConfigurationIsVisible = 0;
			defaultConfigurationName = Release;
		};
		0C56F5F41F0EDD630071E19A /* Build configuration list for PBXNativeTarget "todoTests" */ = {
			isa = XCConfigurationList;
			buildConfigurations = (
				0C56F5F51F0EDD630071E19A /* Debug */,
				0C56F5F61F0EDD630071E19A /* Release */,
			);
			defaultConfigurationIsVisible = 0;
			defaultConfigurationName = Release;
		};
		0C56F5F71F0EDD630071E19A /* Build configuration list for PBXNativeTarget "todoUITests" */ = {
			isa = XCConfigurationList;
			buildConfigurations = (
				0C56F5F81F0EDD630071E19A /* Debug */,
				0C56F5F91F0EDD630071E19A /* Release */,
			);
			defaultConfigurationIsVisible = 0;
			defaultConfigurationName = Release;
		};
/* End XCConfigurationList section */
	};
	rootObject = 0C56F5C11F0EDD630071E19A /* Project object */;
}
